
Microsoft Visual Studio Solution File, Format Version 12.00
# Visual Studio Version 17
VisualStudioVersion = 17.8.34316.72
MinimumVisualStudioVersion = 10.0.40219.1
Project("{FAE04EC0-301F-11D3-BF4B-00C04F79EFBC}") = "BaiTapVeNha02", "BaiTapVeNha02.csproj", "{F875720A-05E8-4050-A08A-5F2B6B5E97EB}"
EndProject
Global
	GlobalSection(SolutionConfigurationPlatforms) = preSolution
		Debug|Any CPU = Debug|Any CPU
		Release|Any CPU = Release|Any CPU
	EndGlobalSection
	GlobalSection(ProjectConfigurationPlatforms) = postSolution
		{F875720A-05E8-4050-A08A-5F2B6B5E97EB}.Debug|Any CPU.ActiveCfg = Debug|Any CPU
		{F875720A-05E8-4050-A08A-5F2B6B5E97EB}.Debug|Any CPU.Build.0 = Debug|Any CPU
		{F875720A-05E8-4050-A08A-5F2B6B5E97EB}.Release|Any CPU.ActiveCfg = Release|Any CPU
		{F875720A-05E8-4050-A08A-5F2B6B5E97EB}.Release|Any CPU.Build.0 = Release|Any CPU
	EndGlobalSection
	GlobalSection(SolutionProperties) = preSolution
		HideSolutionNode = FALSE
	EndGlobalSection
	GlobalSection(ExtensibilityGlobals) = postSolution
		SolutionGuid = {134F61B1-6313-4E0C-8ECC-FE79845B51D8}
	EndGlobalSection
EndGlobal
